{
  "name": "vscode-tree-file-size",
  "version": "0.0.3",
  "lockfileVersion": 3,
  "requires": true,
  "packages": {
    "": {
      "name": "vscode-tree-file-size",
      "version": "0.0.3",
      "license": "MIT",
      "dependencies": {
        "ignore": "^7.0.4"
      },
      "devDependencies": {
        "@types/node": "^20.0.0",
        "@types/vscode": "^1.85.0",
        "typescript": "^5.0.0"
      },
      "engines": {
        "vscode": "^1.85.0"
      }
    },
    "node_modules/@types/node": {
      "version": "20.17.44",
      "resolved": "https://registry.npmjs.org/@types/node/-/node-20.17.44.tgz",
      "integrity": "sha512-50sE4Ibb4BgUMxHrcJQSAU0Fu7fLcTdwcXwRzEF7wnVMWvImFLg2Rxc7SW0vpvaJm4wvhoWEZaQiPpBpocZiUA==",
      "dev": true,
      "license": "MIT",
      "dependencies": {
        "undici-types": "~6.19.2"
      }
    },
    "node_modules/@types/vscode": {
      "version": "1.99.1",
      "resolved": "https://registry.npmjs.org/@types/vscode/-/vscode-1.99.1.tgz",
      "integrity": "sha512-cQlqxHZ040ta6ovZXnXRxs3fJiTmlurkIWOfZVcLSZPcm9J4ikFpXuB7gihofGn5ng+kDVma5EmJIclfk0trPQ==",
      "dev": true,
      "license": "MIT"
    },
    "node_modules/ignore": {
      "version": "7.0.4",
      "resolved": "https://registry.npmjs.org/ignore/-/ignore-7.0.4.tgz",
      "integrity": "sha512-gJzzk+PQNznz8ysRrC0aOkBNVRBDtE1n53IqyqEf3PXrYwomFs5q4pGMizBMJF+ykh03insJ27hB8gSrD2Hn8A==",
      "license": "MIT",
      "engines": {
        "node": ">= 4"
      }
    },
    "node_modules/typescript": {
      "version": "5.8.3",
      "resolved": "https://registry.npmjs.org/typescript/-/typescript-5.8.3.tgz",
      "integrity": "sha512-p1diW6TqL9L07nNxvRMM7hMMw4c5XOo/1ibL4aAIGmSAt9slTE1Xgw5KWuof2uTOvCg9BY7ZRi+GaF+7sfgPeQ==",
      "dev": true,
      "license": "Apache-2.0",
      "bin": {
        "tsc": "bin/tsc",
        "tsserver": "bin/tsserver"
      },
      "engines": {
        "node": ">=14.17"
      }
    },
    "node_modules/undici-types": {
      "version": "6.19.8",
      "resolved": "https://registry.npmjs.org/undici-types/-/undici-types-6.19.8.tgz",
      "integrity": "sha512-ve2KP6f/JnbPBFyobGHuerC9g1FYGn/F8n1LWTwNxCEzd6IfqTwUQcNXgEtmmQ6DlRrC1hrSrBnCZPokRrDHjw==",
      "dev": true,
      "license": "MIT"
    }
  }
}
